
Microsoft Visual Studio Solution File, Format Version 12.00
# Visual Studio Version 17
VisualStudioVersion = 17.10.34814.14
MinimumVisualStudioVersion = 10.0.40219.1
Project("{FAE04EC0-301F-11D3-BF4B-00C04F79EFBC}") = "CustomThemeReplace", "CustomThemeReplace\CustomThemeReplace.csproj", "{12040905-824D-4C72-AC40-A1CCDA6B1865}"
EndProject
Global
	GlobalSection(SolutionConfigurationPlatforms) = preSolution
		Debug|Any CPU = Debug|Any CPU
		Release|Any CPU = Release|Any CPU
	EndGlobalSection
	GlobalSection(ProjectConfigurationPlatforms) = postSolution
		{12040905-824D-4C72-AC40-A1CCDA6B1865}.Debug|Any CPU.ActiveCfg = Debug|Any CPU
		{12040905-824D-4C72-AC40-A1CCDA6B1865}.Debug|Any CPU.Build.0 = Debug|Any CPU
		{12040905-824D-4C72-AC40-A1CCDA6B1865}.Release|Any CPU.ActiveCfg = Release|Any CPU
		{12040905-824D-4C72-AC40-A1CCDA6B1865}.Release|Any CPU.Build.0 = Release|Any CPU
	EndGlobalSection
	GlobalSection(SolutionProperties) = preSolution
		HideSolutionNode = FALSE
	EndGlobalSection
	GlobalSection(ExtensibilityGlobals) = postSolution
		SolutionGuid = {A385B5F8-109F-42EC-B1A1-75899B0D8CB0}
	EndGlobalSection
EndGlobal
